
Microsoft Visual Studio Solution File, Format Version 12.00
# Visual Studio Version 16
VisualStudioVersion = 16.0.29503.13
MinimumVisualStudioVersion = 10.0.40219.1
Project("{FAE04EC0-301F-11D3-BF4B-00C04F79EFBC}") = "Fairynails", "Fairynails\Fairynails.csproj", "{3D6DBE45-B8B8-4061-9C1A-B99F7DCB2DC7}"
EndProject
Project("{2150E333-8FDC-42A3-9474-1A3956D46DE8}") = "00-Local", "00-Local", "{E3A8A1F5-F2AA-4E87-842C-5CC6ACF02B24}"
EndProject
Project("{2150E333-8FDC-42A3-9474-1A3956D46DE8}") = "01-Application", "01-Application", "{B4699DC7-EA94-46A7-81BA-7C226C468693}"
EndProject
Project("{2150E333-8FDC-42A3-9474-1A3956D46DE8}") = "02-Business", "02-Business", "{D61D610A-49B6-4E97-B8EF-B34A7612CC33}"
EndProject
Project("{FAE04EC0-301F-11D3-BF4B-00C04F79EFBC}") = "FairyNails.Service", "FairyNails.Service\FairyNails.Service.csproj", "{C9AD9628-A983-4541-9BF2-E8492599CB2A}"
EndProject
Global
	GlobalSection(SolutionConfigurationPlatforms) = preSolution
		Debug|Any CPU = Debug|Any CPU
		Release|Any CPU = Release|Any CPU
	EndGlobalSection
	GlobalSection(ProjectConfigurationPlatforms) = postSolution
		{3D6DBE45-B8B8-4061-9C1A-B99F7DCB2DC7}.Debug|Any CPU.ActiveCfg = Debug|Any CPU
		{3D6DBE45-B8B8-4061-9C1A-B99F7DCB2DC7}.Debug|Any CPU.Build.0 = Debug|Any CPU
		{3D6DBE45-B8B8-4061-9C1A-B99F7DCB2DC7}.Release|Any CPU.ActiveCfg = Release|Any CPU
		{3D6DBE45-B8B8-4061-9C1A-B99F7DCB2DC7}.Release|Any CPU.Build.0 = Release|Any CPU
		{C9AD9628-A983-4541-9BF2-E8492599CB2A}.Debug|Any CPU.ActiveCfg = Debug|Any CPU
		{C9AD9628-A983-4541-9BF2-E8492599CB2A}.Debug|Any CPU.Build.0 = Debug|Any CPU
		{C9AD9628-A983-4541-9BF2-E8492599CB2A}.Release|Any CPU.ActiveCfg = Release|Any CPU
		{C9AD9628-A983-4541-9BF2-E8492599CB2A}.Release|Any CPU.Build.0 = Release|Any CPU
	EndGlobalSection
	GlobalSection(SolutionProperties) = preSolution
		HideSolutionNode = FALSE
	EndGlobalSection
	GlobalSection(NestedProjects) = preSolution
		{3D6DBE45-B8B8-4061-9C1A-B99F7DCB2DC7} = {B4699DC7-EA94-46A7-81BA-7C226C468693}
		{C9AD9628-A983-4541-9BF2-E8492599CB2A} = {D61D610A-49B6-4E97-B8EF-B34A7612CC33}
	EndGlobalSection
	GlobalSection(ExtensibilityGlobals) = postSolution
		SolutionGuid = {64E2A209-3F23-473D-BFD6-F86E475435EE}
	EndGlobalSection
EndGlobal
